// !$*UTF8*$!
{
	archiveVersion = 1;
	classes = {
	};
	objectVersion = 46;
	objects = {

/* Begin PBXBuildFile section */
		F802DD6E1980AC47005F81AF /* Option.swift in Sources */ = {isa = PBXBuildFile; fileRef = F802DD6A1980AC47005F81AF /* Option.swift */; };
		F802DD6F1980AC47005F81AF /* OptionParser.swift in Sources */ = {isa = PBXBuildFile; fileRef = F802DD6B1980AC47005F81AF /* OptionParser.swift */; };
		F802DD771980AC50005F81AF /* OptionParserSpec.swift in Sources */ = {isa = PBXBuildFile; fileRef = F802DD751980AC50005F81AF /* OptionParserSpec.swift */; };
		F82A450E19EDA0FB0080B387 /* main.swift in Sources */ = {isa = PBXBuildFile; fileRef = F82A450D19EDA0FB0080B387 /* main.swift */; };
		F82A451319EDC84E0080B387 /* OptionKit.framework in Frameworks */ = {isa = PBXBuildFile; fileRef = F82A451219EDC84E0080B387 /* OptionKit.framework */; };
		F896ABC01980AB99008DD359 /* OptionParser.framework in Frameworks */ = {isa = PBXBuildFile; fileRef = F896ABB51980AB98008DD359 /* OptionParser.framework */; };
/* End PBXBuildFile section */

/* Begin PBXContainerItemProxy section */
		F896ABC11980AB99008DD359 /* PBXContainerItemProxy */ = {
			isa = PBXContainerItemProxy;
			containerPortal = F8889B741942431900DF1A47 /* Project object */;
			proxyType = 1;
			remoteGlobalIDString = F896ABB41980AB98008DD359;
			remoteInfo = OptionParser;
		};
/* End PBXContainerItemProxy section */

/* Begin PBXCopyFilesBuildPhase section */
		F82A450119EDA0750080B387 /* CopyFiles */ = {
			isa = PBXCopyFilesBuildPhase;
			buildActionMask = 2147483647;
			dstPath = /usr/share/man/man1/;
			dstSubfolderSpec = 0;
			files = (
			);
			runOnlyForDeploymentPostprocessing = 1;
		};
/* End PBXCopyFilesBuildPhase section */

/* Begin PBXFileReference section */
		F802DD6A1980AC47005F81AF /* Option.swift */ = {isa = PBXFileReference; fileEncoding = 4; lastKnownFileType = sourcecode.swift; path = Option.swift; sourceTree = "<group>"; };
		F802DD6B1980AC47005F81AF /* OptionParser.swift */ = {isa = PBXFileReference; fileEncoding = 4; lastKnownFileType = sourcecode.swift; path = OptionParser.swift; sourceTree = "<group>"; };
		F802DD6D1980AC47005F81AF /* Info.plist */ = {isa = PBXFileReference; fileEncoding = 4; lastKnownFileType = text.plist.xml; path = Info.plist; sourceTree = "<group>"; };
		F802DD731980AC50005F81AF /* Info.plist */ = {isa = PBXFileReference; fileEncoding = 4; lastKnownFileType = text.plist.xml; path = Info.plist; sourceTree = "<group>"; };
		F802DD751980AC50005F81AF /* OptionParserSpec.swift */ = {isa = PBXFileReference; fileEncoding = 4; lastKnownFileType = sourcecode.swift; path = OptionParserSpec.swift; sourceTree = "<group>"; };
		F82A450319EDA0750080B387 /* liftoff */ = {isa = PBXFileReference; explicitFileType = "compiled.mach-o.executable"; includeInIndex = 0; path = liftoff; sourceTree = BUILT_PRODUCTS_DIR; };
		F82A450C19EDA0FA0080B387 /* liftoff-Bridging-Header.h */ = {isa = PBXFileReference; lastKnownFileType = sourcecode.c.h; path = "liftoff-Bridging-Header.h"; sourceTree = "<group>"; };
		F82A450D19EDA0FB0080B387 /* main.swift */ = {isa = PBXFileReference; fileEncoding = 4; lastKnownFileType = sourcecode.swift; path = main.swift; sourceTree = "<group>"; };
		F82A451219EDC84E0080B387 /* OptionKit.framework */ = {isa = PBXFileReference; lastKnownFileType = wrapper.framework; path = OptionKit.framework; sourceTree = "<group>"; };
		F896ABB51980AB98008DD359 /* OptionParser.framework */ = {isa = PBXFileReference; explicitFileType = wrapper.framework; includeInIndex = 0; path = OptionParser.framework; sourceTree = BUILT_PRODUCTS_DIR; };
		F896ABBF1980AB99008DD359 /* OptionParserTests.xctest */ = {isa = PBXFileReference; explicitFileType = wrapper.cfbundle; includeInIndex = 0; path = OptionParserTests.xctest; sourceTree = BUILT_PRODUCTS_DIR; };
/* End PBXFileReference section */

/* Begin PBXFrameworksBuildPhase section */
		F82A450019EDA0750080B387 /* Frameworks */ = {
			isa = PBXFrameworksBuildPhase;
			buildActionMask = 2147483647;
			files = (
			);
			runOnlyForDeploymentPostprocessing = 0;
		};
		F896ABB11980AB98008DD359 /* Frameworks */ = {
			isa = PBXFrameworksBuildPhase;
			buildActionMask = 2147483647;
			files = (
				F82A451319EDC84E0080B387 /* OptionKit.framework in Frameworks */,
			);
			runOnlyForDeploymentPostprocessing = 0;
		};
		F896ABBC1980AB99008DD359 /* Frameworks */ = {
			isa = PBXFrameworksBuildPhase;
			buildActionMask = 2147483647;
			files = (
				F896ABC01980AB99008DD359 /* OptionParser.framework in Frameworks */,
			);
			runOnlyForDeploymentPostprocessing = 0;
		};
/* End PBXFrameworksBuildPhase section */

/* Begin PBXGroup section */
		F802DD681980AC47005F81AF /* OptionParser */ = {
			isa = PBXGroup;
			children = (
				F802DD691980AC47005F81AF /* Classes */,
				F802DD6C1980AC47005F81AF /* Resources */,
			);
			path = OptionParser;
			sourceTree = "<group>";
		};
		F802DD691980AC47005F81AF /* Classes */ = {
			isa = PBXGroup;
			children = (
				F802DD6A1980AC47005F81AF /* Option.swift */,
				F802DD6B1980AC47005F81AF /* OptionParser.swift */,
			);
			path = Classes;
			sourceTree = "<group>";
		};
		F802DD6C1980AC47005F81AF /* Resources */ = {
			isa = PBXGroup;
			children = (
				F802DD6D1980AC47005F81AF /* Info.plist */,
			);
			path = Resources;
			sourceTree = "<group>";
		};
		F802DD711980AC50005F81AF /* OptionParserTests */ = {
			isa = PBXGroup;
			children = (
				F802DD721980AC50005F81AF /* Resources */,
				F802DD741980AC50005F81AF /* Tests */,
			);
			path = OptionParserTests;
			sourceTree = "<group>";
		};
		F802DD721980AC50005F81AF /* Resources */ = {
			isa = PBXGroup;
			children = (
				F802DD731980AC50005F81AF /* Info.plist */,
			);
			path = Resources;
			sourceTree = "<group>";
		};
		F802DD741980AC50005F81AF /* Tests */ = {
			isa = PBXGroup;
			children = (
				F802DD751980AC50005F81AF /* OptionParserSpec.swift */,
			);
			path = Tests;
			sourceTree = "<group>";
		};
		F82A450B19EDA0C80080B387 /* liftoff */ = {
			isa = PBXGroup;
			children = (
				F82A450D19EDA0FB0080B387 /* main.swift */,
				F82A450C19EDA0FA0080B387 /* liftoff-Bridging-Header.h */,
			);
			path = liftoff;
			sourceTree = "<group>";
		};
		F82A451119EDC84E0080B387 /* frameworks */ = {
			isa = PBXGroup;
			children = (
				F82A451219EDC84E0080B387 /* OptionKit.framework */,
			);
			path = frameworks;
			sourceTree = "<group>";
		};
		F8889B731942431900DF1A47 = {
			isa = PBXGroup;
			children = (
				F82A451119EDC84E0080B387 /* frameworks */,
				F82A450B19EDA0C80080B387 /* liftoff */,
				F802DD681980AC47005F81AF /* OptionParser */,
				F802DD711980AC50005F81AF /* OptionParserTests */,
				F8889B7D1942431900DF1A47 /* Products */,
			);
			indentWidth = 4;
			sourceTree = "<group>";
			tabWidth = 4;
			usesTabs = 0;
		};
		F8889B7D1942431900DF1A47 /* Products */ = {
			isa = PBXGroup;
			children = (
				F896ABB51980AB98008DD359 /* OptionParser.framework */,
				F896ABBF1980AB99008DD359 /* OptionParserTests.xctest */,
				F82A450319EDA0750080B387 /* liftoff */,
			);
			name = Products;
			sourceTree = "<group>";
		};
/* End PBXGroup section */

/* Begin PBXHeadersBuildPhase section */
		F896ABB21980AB98008DD359 /* Headers */ = {
			isa = PBXHeadersBuildPhase;
			buildActionMask = 2147483647;
			files = (
			);
			runOnlyForDeploymentPostprocessing = 0;
		};
/* End PBXHeadersBuildPhase section */

/* Begin PBXNativeTarget section */
		F82A450219EDA0750080B387 /* liftoff */ = {
			isa = PBXNativeTarget;
			buildConfigurationList = F82A450719EDA0750080B387 /* Build configuration list for PBXNativeTarget "liftoff" */;
			buildPhases = (
				F82A44FF19EDA0750080B387 /* Sources */,
				F82A450019EDA0750080B387 /* Frameworks */,
				F82A450119EDA0750080B387 /* CopyFiles */,
			);
			buildRules = (
			);
			dependencies = (
			);
			name = liftoff;
			productName = liftoff;
			productReference = F82A450319EDA0750080B387 /* liftoff */;
			productType = "com.apple.product-type.tool";
		};
		F896ABB41980AB98008DD359 /* OptionParser */ = {
			isa = PBXNativeTarget;
			buildConfigurationList = F896ABC81980AB99008DD359 /* Build configuration list for PBXNativeTarget "OptionParser" */;
			buildPhases = (
				F896ABB01980AB98008DD359 /* Sources */,
				F896ABB11980AB98008DD359 /* Frameworks */,
				F896ABB21980AB98008DD359 /* Headers */,
				F896ABB31980AB98008DD359 /* Resources */,
			);
			buildRules = (
			);
			dependencies = (
			);
			name = OptionParser;
			productName = OptionParser;
			productReference = F896ABB51980AB98008DD359 /* OptionParser.framework */;
			productType = "com.apple.product-type.framework";
		};
		F896ABBE1980AB99008DD359 /* OptionParserTests */ = {
			isa = PBXNativeTarget;
			buildConfigurationList = F896ABCB1980AB99008DD359 /* Build configuration list for PBXNativeTarget "OptionParserTests" */;
			buildPhases = (
				F896ABBB1980AB99008DD359 /* Sources */,
				F896ABBC1980AB99008DD359 /* Frameworks */,
				F896ABBD1980AB99008DD359 /* Resources */,
			);
			buildRules = (
			);
			dependencies = (
				F896ABC21980AB99008DD359 /* PBXTargetDependency */,
			);
			name = OptionParserTests;
			productName = OptionParserTests;
			productReference = F896ABBF1980AB99008DD359 /* OptionParserTests.xctest */;
			productType = "com.apple.product-type.bundle.unit-test";
		};
/* End PBXNativeTarget section */

/* Begin PBXProject section */
		F8889B741942431900DF1A47 /* Project object */ = {
			isa = PBXProject;
			attributes = {
				LastUpgradeCheck = 0600;
				ORGANIZATIONNAME = thoughtbot;
				TargetAttributes = {
					F82A450219EDA0750080B387 = {
						CreatedOnToolsVersion = 6.1;
					};
					F896ABB41980AB98008DD359 = {
						CreatedOnToolsVersion = 6.0;
					};
					F896ABBE1980AB99008DD359 = {
						CreatedOnToolsVersion = 6.0;
						TestTargetID = F896ABB41980AB98008DD359;
					};
				};
			};
			buildConfigurationList = F8889B771942431900DF1A47 /* Build configuration list for PBXProject "Liftoff" */;
			compatibilityVersion = "Xcode 3.2";
			developmentRegion = English;
			hasScannedForEncodings = 0;
			knownRegions = (
				en,
			);
			mainGroup = F8889B731942431900DF1A47;
			productRefGroup = F8889B7D1942431900DF1A47 /* Products */;
			projectDirPath = "";
			projectRoot = "";
			targets = (
				F896ABB41980AB98008DD359 /* OptionParser */,
				F896ABBE1980AB99008DD359 /* OptionParserTests */,
				F82A450219EDA0750080B387 /* liftoff */,
			);
		};
/* End PBXProject section */

/* Begin PBXResourcesBuildPhase section */
		F896ABB31980AB98008DD359 /* Resources */ = {
			isa = PBXResourcesBuildPhase;
			buildActionMask = 2147483647;
			files = (
			);
			runOnlyForDeploymentPostprocessing = 0;
		};
		F896ABBD1980AB99008DD359 /* Resources */ = {
			isa = PBXResourcesBuildPhase;
			buildActionMask = 2147483647;
			files = (
			);
			runOnlyForDeploymentPostprocessing = 0;
		};
/* End PBXResourcesBuildPhase section */

/* Begin PBXSourcesBuildPhase section */
		F82A44FF19EDA0750080B387 /* Sources */ = {
			isa = PBXSourcesBuildPhase;
			buildActionMask = 2147483647;
			files = (
				F82A450E19EDA0FB0080B387 /* main.swift in Sources */,
			);
			runOnlyForDeploymentPostprocessing = 0;
		};
		F896ABB01980AB98008DD359 /* Sources */ = {
			isa = PBXSourcesBuildPhase;
			buildActionMask = 2147483647;
			files = (
				F802DD6E1980AC47005F81AF /* Option.swift in Sources */,
				F802DD6F1980AC47005F81AF /* OptionParser.swift in Sources */,
			);
			runOnlyForDeploymentPostprocessing = 0;
		};
		F896ABBB1980AB99008DD359 /* Sources */ = {
			isa = PBXSourcesBuildPhase;
			buildActionMask = 2147483647;
			files = (
				F802DD771980AC50005F81AF /* OptionParserSpec.swift in Sources */,
			);
			runOnlyForDeploymentPostprocessing = 0;
		};
/* End PBXSourcesBuildPhase section */

/* Begin PBXTargetDependency section */
		F896ABC21980AB99008DD359 /* PBXTargetDependency */ = {
			isa = PBXTargetDependency;
			target = F896ABB41980AB98008DD359 /* OptionParser */;
			targetProxy = F896ABC11980AB99008DD359 /* PBXContainerItemProxy */;
		};
/* End PBXTargetDependency section */

/* Begin XCBuildConfiguration section */
		F82A450819EDA0750080B387 /* Debug */ = {
			isa = XCBuildConfiguration;
			buildSettings = {
				CLANG_ENABLE_MODULES = YES;
				FRAMEWORK_SEARCH_PATHS = "~/Code/Frameworks";
				GCC_PREPROCESSOR_DEFINITIONS = (
					"DEBUG=1",
					"$(inherited)",
				);
				GCC_WARN_ABOUT_RETURN_TYPE = YES_ERROR;
				LD_RUNPATH_SEARCH_PATHS = "$(inherited) /Users/gordon/Code/Frameworks";
				MTL_ENABLE_DEBUG_INFO = YES;
				PRODUCT_NAME = "$(TARGET_NAME)";
				SWIFT_OBJC_BRIDGING_HEADER = "liftoff/liftoff-Bridging-Header.h";
				SWIFT_OPTIMIZATION_LEVEL = "-Onone";
			};
			name = Debug;
		};
		F82A450919EDA0750080B387 /* Release */ = {
			isa = XCBuildConfiguration;
			buildSettings = {
				CLANG_ENABLE_MODULES = YES;
				FRAMEWORK_SEARCH_PATHS = "~/Code/Frameworks";
				GCC_WARN_ABOUT_RETURN_TYPE = YES_ERROR;
				LD_RUNPATH_SEARCH_PATHS = "$(inherited) /Users/gordon/Code/Frameworks";
				MTL_ENABLE_DEBUG_INFO = NO;
				PRODUCT_NAME = "$(TARGET_NAME)";
				SWIFT_OBJC_BRIDGING_HEADER = "liftoff/liftoff-Bridging-Header.h";
			};
			name = Release;
		};
		F8889B811942431900DF1A47 /* Debug */ = {
			isa = XCBuildConfiguration;
			buildSettings = {
				ALWAYS_SEARCH_USER_PATHS = NO;
				CLANG_CXX_LANGUAGE_STANDARD = "gnu++0x";
				CLANG_CXX_LIBRARY = "libc++";
				CLANG_ENABLE_MODULES = YES;
				CLANG_ENABLE_OBJC_ARC = YES;
				CLANG_WARN_BOOL_CONVERSION = YES;
				CLANG_WARN_CONSTANT_CONVERSION = YES;
				CLANG_WARN_DEPRECATED_OBJC_IMPLEMENTATIONS = YES;
				CLANG_WARN_DIRECT_OBJC_ISA_USAGE = YES_ERROR;
				CLANG_WARN_EMPTY_BODY = YES;
				CLANG_WARN_ENUM_CONVERSION = YES;
				CLANG_WARN_IMPLICIT_SIGN_CONVERSION = YES;
				CLANG_WARN_INT_CONVERSION = YES;
				CLANG_WARN_OBJC_IMPLICIT_RETAIN_SELF = YES;
				CLANG_WARN_OBJC_ROOT_CLASS = YES_ERROR;
				CLANG_WARN_SUSPICIOUS_IMPLICIT_CONVERSION = YES;
				CLANG_WARN_UNREACHABLE_CODE = YES;
				CLANG_WARN__DUPLICATE_METHOD_MATCH = YES;
				COPY_PHASE_STRIP = NO;
				ENABLE_STRICT_OBJC_MSGSEND = YES;
				GCC_C_LANGUAGE_STANDARD = gnu99;
				GCC_DYNAMIC_NO_PIC = NO;
				GCC_OPTIMIZATION_LEVEL = 0;
				GCC_PREPROCESSOR_DEFINITIONS = (
					"DEBUG=1",
					"$(inherited)",
				);
				GCC_SYMBOLS_PRIVATE_EXTERN = NO;
				GCC_WARN_64_TO_32_BIT_CONVERSION = YES;
				GCC_WARN_ABOUT_DEPRECATED_FUNCTIONS = YES;
				GCC_WARN_ABOUT_MISSING_FIELD_INITIALIZERS = YES;
				GCC_WARN_ABOUT_MISSING_NEWLINE = YES;
				GCC_WARN_ABOUT_RETURN_TYPE = YES;
				GCC_WARN_CHECK_SWITCH_STATEMENTS = YES;
				GCC_WARN_INITIALIZER_NOT_FULLY_BRACKETED = YES;
				GCC_WARN_MISSING_PARENTHESES = YES;
				GCC_WARN_SHADOW = YES;
				GCC_WARN_SIGN_COMPARE = YES;
				GCC_WARN_TYPECHECK_CALLS_TO_PRINTF = YES;
				GCC_WARN_UNDECLARED_SELECTOR = YES;
				GCC_WARN_UNINITIALIZED_AUTOS = YES_AGGRESSIVE;
				GCC_WARN_UNUSED_FUNCTION = YES;
				GCC_WARN_UNUSED_LABEL = YES;
				GCC_WARN_UNUSED_VALUE = YES;
				GCC_WARN_UNUSED_VARIABLE = YES;
				MACOSX_DEPLOYMENT_TARGET = 10.10;
				METAL_ENABLE_DEBUG_INFO = YES;
				ONLY_ACTIVE_ARCH = YES;
				SDKROOT = macosx;
				SWIFT_OPTIMIZATION_LEVEL = "-Onone";
			};
			name = Debug;
		};
		F8889B821942431900DF1A47 /* Release */ = {
			isa = XCBuildConfiguration;
			buildSettings = {
				ALWAYS_SEARCH_USER_PATHS = NO;
				CLANG_CXX_LANGUAGE_STANDARD = "gnu++0x";
				CLANG_CXX_LIBRARY = "libc++";
				CLANG_ENABLE_MODULES = YES;
				CLANG_ENABLE_OBJC_ARC = YES;
				CLANG_WARN_BOOL_CONVERSION = YES;
				CLANG_WARN_CONSTANT_CONVERSION = YES;
				CLANG_WARN_DEPRECATED_OBJC_IMPLEMENTATIONS = YES;
				CLANG_WARN_DIRECT_OBJC_ISA_USAGE = YES_ERROR;
				CLANG_WARN_EMPTY_BODY = YES;
				CLANG_WARN_ENUM_CONVERSION = YES;
				CLANG_WARN_IMPLICIT_SIGN_CONVERSION = YES;
				CLANG_WARN_INT_CONVERSION = YES;
				CLANG_WARN_OBJC_IMPLICIT_RETAIN_SELF = YES;
				CLANG_WARN_OBJC_ROOT_CLASS = YES_ERROR;
				CLANG_WARN_SUSPICIOUS_IMPLICIT_CONVERSION = YES;
				CLANG_WARN_UNREACHABLE_CODE = YES;
				CLANG_WARN__DUPLICATE_METHOD_MATCH = YES;
				COPY_PHASE_STRIP = YES;
				DEBUG_INFORMATION_FORMAT = "dwarf-with-dsym";
				ENABLE_NS_ASSERTIONS = NO;
				ENABLE_STRICT_OBJC_MSGSEND = YES;
				GCC_C_LANGUAGE_STANDARD = gnu99;
				GCC_WARN_64_TO_32_BIT_CONVERSION = YES;
				GCC_WARN_ABOUT_DEPRECATED_FUNCTIONS = YES;
				GCC_WARN_ABOUT_MISSING_FIELD_INITIALIZERS = YES;
				GCC_WARN_ABOUT_MISSING_NEWLINE = YES;
				GCC_WARN_ABOUT_RETURN_TYPE = YES;
				GCC_WARN_CHECK_SWITCH_STATEMENTS = YES;
				GCC_WARN_INITIALIZER_NOT_FULLY_BRACKETED = YES;
				GCC_WARN_MISSING_PARENTHESES = YES;
				GCC_WARN_SHADOW = YES;
				GCC_WARN_SIGN_COMPARE = YES;
				GCC_WARN_TYPECHECK_CALLS_TO_PRINTF = YES;
				GCC_WARN_UNDECLARED_SELECTOR = YES;
				GCC_WARN_UNINITIALIZED_AUTOS = YES_AGGRESSIVE;
				GCC_WARN_UNUSED_FUNCTION = YES;
				GCC_WARN_UNUSED_LABEL = YES;
				GCC_WARN_UNUSED_VALUE = YES;
				GCC_WARN_UNUSED_VARIABLE = YES;
				MACOSX_DEPLOYMENT_TARGET = 10.10;
				METAL_ENABLE_DEBUG_INFO = NO;
				SDKROOT = macosx;
			};
			name = Release;
		};
		F896ABC91980AB99008DD359 /* Debug */ = {
			isa = XCBuildConfiguration;
			buildSettings = {
				COMBINE_HIDPI_IMAGES = YES;
				CURRENT_PROJECT_VERSION = 1;
				DEFINES_MODULE = YES;
				DYLIB_COMPATIBILITY_VERSION = 1;
				DYLIB_CURRENT_VERSION = 1;
				DYLIB_INSTALL_NAME_BASE = "@rpath";
				FRAMEWORK_SEARCH_PATHS = (
					"$(inherited)",
					/Users/gordon/Code/Frameworks,
					"$(PROJECT_DIR)/frameworks",
				);
				FRAMEWORK_VERSION = A;
				GCC_PREPROCESSOR_DEFINITIONS = (
					"DEBUG=1",
					"$(inherited)",
				);
				GCC_WARN_ABOUT_RETURN_TYPE = YES_ERROR;
				INFOPLIST_FILE = OptionParser/Resources/Info.plist;
				INSTALL_PATH = "$(LOCAL_LIBRARY_DIR)/Frameworks";
				MTL_ENABLE_DEBUG_INFO = YES;
				PRODUCT_NAME = "$(TARGET_NAME)";
				SKIP_INSTALL = YES;
				VERSIONING_SYSTEM = "apple-generic";
				VERSION_INFO_PREFIX = "";
			};
			name = Debug;
		};
		F896ABCA1980AB99008DD359 /* Release */ = {
			isa = XCBuildConfiguration;
			buildSettings = {
				COMBINE_HIDPI_IMAGES = YES;
				CURRENT_PROJECT_VERSION = 1;
				DEFINES_MODULE = YES;
				DYLIB_COMPATIBILITY_VERSION = 1;
				DYLIB_CURRENT_VERSION = 1;
				DYLIB_INSTALL_NAME_BASE = "@rpath";
				FRAMEWORK_SEARCH_PATHS = (
					"$(inherited)",
					/Users/gordon/Code/Frameworks,
					"$(PROJECT_DIR)/frameworks",
				);
				FRAMEWORK_VERSION = A;
				GCC_WARN_ABOUT_RETURN_TYPE = YES_ERROR;
				INFOPLIST_FILE = OptionParser/Resources/Info.plist;
				INSTALL_PATH = "$(LOCAL_LIBRARY_DIR)/Frameworks";
				MTL_ENABLE_DEBUG_INFO = NO;
				PRODUCT_NAME = "$(TARGET_NAME)";
				SKIP_INSTALL = YES;
				VERSIONING_SYSTEM = "apple-generic";
				VERSION_INFO_PREFIX = "";
			};
			name = Release;
		};
		F896ABCC1980AB99008DD359 /* Debug */ = {
			isa = XCBuildConfiguration;
			buildSettings = {
				COMBINE_HIDPI_IMAGES = YES;
				FRAMEWORK_SEARCH_PATHS = (
					"$(DEVELOPER_FRAMEWORKS_DIR)",
					"$(inherited)",
				);
				GCC_PREPROCESSOR_DEFINITIONS = (
					"DEBUG=1",
					"$(inherited)",
				);
				GCC_WARN_ABOUT_RETURN_TYPE = YES_ERROR;
				INFOPLIST_FILE = OptionParserTests/Resources/Info.plist;
				LD_RUNPATH_SEARCH_PATHS = "$(inherited) @executable_path/../Frameworks @loader_path/../Frameworks";
				MTL_ENABLE_DEBUG_INFO = YES;
				PRODUCT_NAME = "$(TARGET_NAME)";
			};
			name = Debug;
		};
		F896ABCD1980AB99008DD359 /* Release */ = {
			isa = XCBuildConfiguration;
			buildSettings = {
				COMBINE_HIDPI_IMAGES = YES;
				FRAMEWORK_SEARCH_PATHS = (
					"$(DEVELOPER_FRAMEWORKS_DIR)",
					"$(inherited)",
				);
				GCC_WARN_ABOUT_RETURN_TYPE = YES_ERROR;
				INFOPLIST_FILE = OptionParserTests/Resources/Info.plist;
				LD_RUNPATH_SEARCH_PATHS = "$(inherited) @executable_path/../Frameworks @loader_path/../Frameworks";
				MTL_ENABLE_DEBUG_INFO = NO;
				PRODUCT_NAME = "$(TARGET_NAME)";
			};
			name = Release;
		};
/* End XCBuildConfiguration section */

/* Begin XCConfigurationList section */
		F82A450719EDA0750080B387 /* Build configuration list for PBXNativeTarget "liftoff" */ = {
			isa = XCConfigurationList;
			buildConfigurations = (
				F82A450819EDA0750080B387 /* Debug */,
				F82A450919EDA0750080B387 /* Release */,
			);
			defaultConfigurationIsVisible = 0;
		};
		F8889B771942431900DF1A47 /* Build configuration list for PBXProject "Liftoff" */ = {
			isa = XCConfigurationList;
			buildConfigurations = (
				F8889B811942431900DF1A47 /* Debug */,
				F8889B821942431900DF1A47 /* Release */,
			);
			defaultConfigurationIsVisible = 0;
			defaultConfigurationName = Release;
		};
		F896ABC81980AB99008DD359 /* Build configuration list for PBXNativeTarget "OptionParser" */ = {
			isa = XCConfigurationList;
			buildConfigurations = (
				F896ABC91980AB99008DD359 /* Debug */,
				F896ABCA1980AB99008DD359 /* Release */,
			);
			defaultConfigurationIsVisible = 0;
			defaultConfigurationName = Release;
		};
		F896ABCB1980AB99008DD359 /* Build configuration list for PBXNativeTarget "OptionParserTests" */ = {
			isa = XCConfigurationList;
			buildConfigurations = (
				F896ABCC1980AB99008DD359 /* Debug */,
				F896ABCD1980AB99008DD359 /* Release */,
			);
			defaultConfigurationIsVisible = 0;
			defaultConfigurationName = Release;
		};
/* End XCConfigurationList section */
	};
	rootObject = F8889B741942431900DF1A47 /* Project object */;
}
